schema: '2.0'
stages:
  data_ingestion:
    cmd: python src/data/data_ingestion.py
    deps:
    - path: src/data/data_ingestion.py
      hash: md5
      md5: fa223bc20dea499f65cdf87e72d63151
      size: 3595
    params:
      params.yaml:
        data_ingestion.test_size: 0.25
    outs:
    - path: data/raw
      hash: md5
      md5: a3e7c34fc751470842c49295c3031d24.dir
      size: 1570906
      nfiles: 2
  data_preprocessing:
    cmd: python src/data/data_preprocessing.py
    deps:
    - path: data/raw
      hash: md5
      md5: a3e7c34fc751470842c49295c3031d24.dir
      size: 1570906
      nfiles: 2
    - path: src/data/data_preprocessing.py
      hash: md5
      md5: 3a31f9a5c766af5581f1ff2a68b05df0
      size: 2885
    outs:
    - path: data/interim
      hash: md5
      md5: ac12ffc58711cceb775d232f9b9effa6.dir
      size: 1008443
      nfiles: 2
  feature_engineering:
    cmd: python src/features/feature_engineering.py
    deps:
    - path: data/interim
      hash: md5
      md5: ac12ffc58711cceb775d232f9b9effa6.dir
      size: 1008443
      nfiles: 2
    - path: src/features/feature_engineering.py
      hash: md5
      md5: 259e46353d62341cd634045fa2109421
      size: 3546
    params:
      params.yaml:
        feature_engineering.max_features: 10000
        feature_engineering.n_gram:
        - 1
        - 3
    outs:
    - path: data/processed
      hash: md5
      md5: aa75c73b3e2f08e076141ba1a0858cfa.dir
      size: 802311058
      nfiles: 2
    - path: models/vectorizer.pkl
      hash: md5
      md5: ed713e3a268c01886340634a7377e42a
      size: 341350
  model_building:
    cmd: python src/model/model_building.py
    deps:
    - path: data/processed
      hash: md5
      md5: aa75c73b3e2f08e076141ba1a0858cfa.dir
      size: 802311058
      nfiles: 2
    - path: src/model/model_building.py
      hash: md5
      md5: b4b4181892426b9a71b716e4a82f2820
      size: 1825
    outs:
    - path: models/model.pkl
      hash: md5
      md5: 3d19ef989b8925548267a4f85fd98ccf
      size: 320616
  model_evaluation:
    cmd: python src/model/model_evaluation.py
    deps:
    - path: models/model.pkl
      hash: md5
      md5: 3d19ef989b8925548267a4f85fd98ccf
      size: 320616
    - path: src/model/model_evaluation.py
      hash: md5
      md5: 9191519677c8f54fbec4c63270c7a3b6
      size: 5569
    outs:
    - path: reports/experiment_info.json
      hash: md5
      md5: 1453f9a01bc80a5f85e3a936abd69953
      size: 82
    - path: reports/metrics.json
      hash: md5
      md5: a500cd13dc3dbf488194fd8709517ee7
      size: 132
  model_registration:
    cmd: python src/model/model_registry.py
    deps:
    - path: reports/experiment_info.json
      hash: md5
      md5: 1453f9a01bc80a5f85e3a936abd69953
      size: 82
    - path: src/model/model_registry.py
      hash: md5
      md5: f04fe311d87d43570581041e99eda7b8
      size: 3155
